
Microsoft Visual Studio Solution File, Format Version 12.00
# Visual Studio Version 16
VisualStudioVersion = 16.0.32630.194
MinimumVisualStudioVersion = 10.0.40219.1
Project("{FAE04EC0-301F-11D3-BF4B-00C04F79EFBC}") = "ClassMetotDemo", "ClassMetotDemo\ClassMetotDemo.csproj", "{B167349D-94EB-481F-8F7D-50F4FE2D5A58}"
EndProject
Global
	GlobalSection(SolutionConfigurationPlatforms) = preSolution
		Debug|Any CPU = Debug|Any CPU
		Release|Any CPU = Release|Any CPU
	EndGlobalSection
	GlobalSection(ProjectConfigurationPlatforms) = postSolution
		{B167349D-94EB-481F-8F7D-50F4FE2D5A58}.Debug|Any CPU.ActiveCfg = Debug|Any CPU
		{B167349D-94EB-481F-8F7D-50F4FE2D5A58}.Debug|Any CPU.Build.0 = Debug|Any CPU
		{B167349D-94EB-481F-8F7D-50F4FE2D5A58}.Release|Any CPU.ActiveCfg = Release|Any CPU
		{B167349D-94EB-481F-8F7D-50F4FE2D5A58}.Release|Any CPU.Build.0 = Release|Any CPU
	EndGlobalSection
	GlobalSection(SolutionProperties) = preSolution
		HideSolutionNode = FALSE
	EndGlobalSection
	GlobalSection(ExtensibilityGlobals) = postSolution
		SolutionGuid = {0266B06A-17CC-41F4-BB70-51CA60B41490}
	EndGlobalSection
EndGlobal
